
Microsoft Visual Studio Solution File, Format Version 12.00
# Visual Studio 15
VisualStudioVersion = 15.0.27703.2042
MinimumVisualStudioVersion = 10.0.40219.1
Project("{FAE04EC0-301F-11D3-BF4B-00C04F79EFBC}") = "LearnerBay", "LearnerBay\LearnerBay.csproj", "{BCCD0352-80DD-4CCB-841C-D53AAD25BE24}"
EndProject
Global
	GlobalSection(SolutionConfigurationPlatforms) = preSolution
		Debug|Any CPU = Debug|Any CPU
		Release|Any CPU = Release|Any CPU
	EndGlobalSection
	GlobalSection(ProjectConfigurationPlatforms) = postSolution
		{BCCD0352-80DD-4CCB-841C-D53AAD25BE24}.Debug|Any CPU.ActiveCfg = Debug|Any CPU
		{BCCD0352-80DD-4CCB-841C-D53AAD25BE24}.Debug|Any CPU.Build.0 = Debug|Any CPU
		{BCCD0352-80DD-4CCB-841C-D53AAD25BE24}.Release|Any CPU.ActiveCfg = Release|Any CPU
		{BCCD0352-80DD-4CCB-841C-D53AAD25BE24}.Release|Any CPU.Build.0 = Release|Any CPU
	EndGlobalSection
	GlobalSection(SolutionProperties) = preSolution
		HideSolutionNode = FALSE
	EndGlobalSection
	GlobalSection(ExtensibilityGlobals) = postSolution
		SolutionGuid = {7A5E3F45-19BA-49B4-BE75-5E162FD6E7EB}
	EndGlobalSection
EndGlobal
